
Microsoft Visual Studio Solution File, Format Version 12.00
Project("{FAE04EC0-301F-11D3-BF4B-00C04F79EFBC}") = "MiniKata5", "MiniKata5\MiniKata5.csproj", "{ACAD63FB-D387-4616-B612-30DAEFECA787}"
EndProject
Project("{FAE04EC0-301F-11D3-BF4B-00C04F79EFBC}") = "Kata5", "Kata5\Kata5.csproj", "{14FD771A-F044-40FD-AE06-2A211119C98F}"
EndProject
Project("{FAE04EC0-301F-11D3-BF4B-00C04F79EFBC}") = "MiniKata6", "MiniKata6\MiniKata6.csproj", "{089B8736-BB4E-4229-83CC-019FB1402E49}"
EndProject
Project("{FAE04EC0-301F-11D3-BF4B-00C04F79EFBC}") = "Kata6", "Kata6\Kata6.csproj", "{DDA2B006-752E-4C4B-A115-1D3A06B513E9}"
EndProject
Project("{FAE04EC0-301F-11D3-BF4B-00C04F79EFBC}") = "MiniKata7", "MiniKata7\MiniKata7.csproj", "{7FA0757E-210D-420A-B5FA-F5C90BD07305}"
EndProject
Project("{FAE04EC0-301F-11D3-BF4B-00C04F79EFBC}") = "Kata7", "Kata7\Kata7.csproj", "{B5B95BA6-AC7E-4EC8-8CE5-8423D65FAE87}"
EndProject
Global
	GlobalSection(SolutionConfigurationPlatforms) = preSolution
		Debug|Any CPU = Debug|Any CPU
		Release|Any CPU = Release|Any CPU
	EndGlobalSection
	GlobalSection(ProjectConfigurationPlatforms) = postSolution
		{ACAD63FB-D387-4616-B612-30DAEFECA787}.Debug|Any CPU.ActiveCfg = Debug|Any CPU
		{ACAD63FB-D387-4616-B612-30DAEFECA787}.Debug|Any CPU.Build.0 = Debug|Any CPU
		{ACAD63FB-D387-4616-B612-30DAEFECA787}.Release|Any CPU.ActiveCfg = Release|Any CPU
		{ACAD63FB-D387-4616-B612-30DAEFECA787}.Release|Any CPU.Build.0 = Release|Any CPU
		{14FD771A-F044-40FD-AE06-2A211119C98F}.Debug|Any CPU.ActiveCfg = Debug|Any CPU
		{14FD771A-F044-40FD-AE06-2A211119C98F}.Debug|Any CPU.Build.0 = Debug|Any CPU
		{14FD771A-F044-40FD-AE06-2A211119C98F}.Release|Any CPU.ActiveCfg = Release|Any CPU
		{14FD771A-F044-40FD-AE06-2A211119C98F}.Release|Any CPU.Build.0 = Release|Any CPU
		{089B8736-BB4E-4229-83CC-019FB1402E49}.Debug|Any CPU.ActiveCfg = Debug|Any CPU
		{089B8736-BB4E-4229-83CC-019FB1402E49}.Debug|Any CPU.Build.0 = Debug|Any CPU
		{089B8736-BB4E-4229-83CC-019FB1402E49}.Release|Any CPU.ActiveCfg = Release|Any CPU
		{089B8736-BB4E-4229-83CC-019FB1402E49}.Release|Any CPU.Build.0 = Release|Any CPU
		{DDA2B006-752E-4C4B-A115-1D3A06B513E9}.Debug|Any CPU.ActiveCfg = Debug|Any CPU
		{DDA2B006-752E-4C4B-A115-1D3A06B513E9}.Debug|Any CPU.Build.0 = Debug|Any CPU
		{DDA2B006-752E-4C4B-A115-1D3A06B513E9}.Release|Any CPU.ActiveCfg = Release|Any CPU
		{DDA2B006-752E-4C4B-A115-1D3A06B513E9}.Release|Any CPU.Build.0 = Release|Any CPU
		{7FA0757E-210D-420A-B5FA-F5C90BD07305}.Debug|Any CPU.ActiveCfg = Debug|Any CPU
		{7FA0757E-210D-420A-B5FA-F5C90BD07305}.Debug|Any CPU.Build.0 = Debug|Any CPU
		{7FA0757E-210D-420A-B5FA-F5C90BD07305}.Release|Any CPU.ActiveCfg = Release|Any CPU
		{7FA0757E-210D-420A-B5FA-F5C90BD07305}.Release|Any CPU.Build.0 = Release|Any CPU
		{B5B95BA6-AC7E-4EC8-8CE5-8423D65FAE87}.Debug|Any CPU.ActiveCfg = Debug|Any CPU
		{B5B95BA6-AC7E-4EC8-8CE5-8423D65FAE87}.Debug|Any CPU.Build.0 = Debug|Any CPU
		{B5B95BA6-AC7E-4EC8-8CE5-8423D65FAE87}.Release|Any CPU.ActiveCfg = Release|Any CPU
		{B5B95BA6-AC7E-4EC8-8CE5-8423D65FAE87}.Release|Any CPU.Build.0 = Release|Any CPU
	EndGlobalSection
EndGlobal
